// !$*UTF8*$!
{
	archiveVersion = 1;
	classes = {
	};
	objectVersion = 56;
	objects = {

/* Begin PBXBuildFile section */
		A18CDC332A4052F100ACA345 /* easyApp.swift in Sources */ = {isa = PBXBuildFile; fileRef = A18CDC322A4052F100ACA345 /* easyApp.swift */; };
		A18CDC352A4052F100ACA345 /* ContentView.swift in Sources */ = {isa = PBXBuildFile; fileRef = A18CDC342A4052F100ACA345 /* ContentView.swift */; };
		A18CDC372A4052F200ACA345 /* Assets.xcassets in Resources */ = {isa = PBXBuildFile; fileRef = A18CDC362A4052F200ACA345 /* Assets.xcassets */; };
		A18CDC3B2A4052F200ACA345 /* Preview Assets.xcassets in Resources */ = {isa = PBXBuildFile; fileRef = A18CDC3A2A4052F200ACA345 /* Preview Assets.xcassets */; };
		A18CDC452A4052F200ACA345 /* easyTests.swift in Sources */ = {isa = PBXBuildFile; fileRef = A18CDC442A4052F200ACA345 /* easyTests.swift */; };
		A18CDC4F2A4052F200ACA345 /* easyUITests.swift in Sources */ = {isa = PBXBuildFile; fileRef = A18CDC4E2A4052F200ACA345 /* easyUITests.swift */; };
		A18CDC512A4052F200ACA345 /* easyUITestsLaunchTests.swift in Sources */ = {isa = PBXBuildFile; fileRef = A18CDC502A4052F200ACA345 /* easyUITestsLaunchTests.swift */; };
/* End PBXBuildFile section */

/* Begin PBXContainerItemProxy section */
		A18CDC412A4052F200ACA345 /* PBXContainerItemProxy */ = {
			isa = PBXContainerItemProxy;
			containerPortal = A18CDC272A4052F100ACA345 /* Project object */;
			proxyType = 1;
			remoteGlobalIDString = A18CDC2E2A4052F100ACA345;
			remoteInfo = easy;
		};
		A18CDC4B2A4052F200ACA345 /* PBXContainerItemProxy */ = {
			isa = PBXContainerItemProxy;
			containerPortal = A18CDC272A4052F100ACA345 /* Project object */;
			proxyType = 1;
			remoteGlobalIDString = A18CDC2E2A4052F100ACA345;
			remoteInfo = easy;
		};
/* End PBXContainerItemProxy section */

/* Begin PBXFileReference section */
		A18CDC2F2A4052F100ACA345 /* easy.app */ = {isa = PBXFileReference; explicitFileType = wrapper.application; includeInIndex = 0; path = easy.app; sourceTree = BUILT_PRODUCTS_DIR; };
		A18CDC322A4052F100ACA345 /* easyApp.swift */ = {isa = PBXFileReference; lastKnownFileType = sourcecode.swift; path = easyApp.swift; sourceTree = "<group>"; };
		A18CDC342A4052F100ACA345 /* ContentView.swift */ = {isa = PBXFileReference; lastKnownFileType = sourcecode.swift; path = ContentView.swift; sourceTree = "<group>"; };
		A18CDC362A4052F200ACA345 /* Assets.xcassets */ = {isa = PBXFileReference; lastKnownFileType = folder.assetcatalog; path = Assets.xcassets; sourceTree = "<group>"; };
		A18CDC382A4052F200ACA345 /* easy.entitlements */ = {isa = PBXFileReference; lastKnownFileType = text.plist.entitlements; path = easy.entitlements; sourceTree = "<group>"; };
		A18CDC3A2A4052F200ACA345 /* Preview Assets.xcassets */ = {isa = PBXFileReference; lastKnownFileType = folder.assetcatalog; path = "Preview Assets.xcassets"; sourceTree = "<group>"; };
		A18CDC402A4052F200ACA345 /* easyTests.xctest */ = {isa = PBXFileReference; explicitFileType = wrapper.cfbundle; includeInIndex = 0; path = easyTests.xctest; sourceTree = BUILT_PRODUCTS_DIR; };
		A18CDC442A4052F200ACA345 /* easyTests.swift */ = {isa = PBXFileReference; lastKnownFileType = sourcecode.swift; path = easyTests.swift; sourceTree = "<group>"; };
		A18CDC4A2A4052F200ACA345 /* easyUITests.xctest */ = {isa = PBXFileReference; explicitFileType = wrapper.cfbundle; includeInIndex = 0; path = easyUITests.xctest; sourceTree = BUILT_PRODUCTS_DIR; };
		A18CDC4E2A4052F200ACA345 /* easyUITests.swift */ = {isa = PBXFileReference; lastKnownFileType = sourcecode.swift; path = easyUITests.swift; sourceTree = "<group>"; };
		A18CDC502A4052F200ACA345 /* easyUITestsLaunchTests.swift */ = {isa = PBXFileReference; lastKnownFileType = sourcecode.swift; path = easyUITestsLaunchTests.swift; sourceTree = "<group>"; };
/* End PBXFileReference section */

/* Begin PBXFrameworksBuildPhase section */
		A18CDC2C2A4052F100ACA345 /* Frameworks */ = {
			isa = PBXFrameworksBuildPhase;
			buildActionMask = 2147483647;
			files = (
			);
			runOnlyForDeploymentPostprocessing = 0;
		};
		A18CDC3D2A4052F200ACA345 /* Frameworks */ = {
			isa = PBXFrameworksBuildPhase;
			buildActionMask = 2147483647;
			files = (
			);
			runOnlyForDeploymentPostprocessing = 0;
		};
		A18CDC472A4052F200ACA345 /* Frameworks */ = {
			isa = PBXFrameworksBuildPhase;
			buildActionMask = 2147483647;
			files = (
			);
			runOnlyForDeploymentPostprocessing = 0;
		};
/* End PBXFrameworksBuildPhase section */

/* Begin PBXGroup section */
		A18CDC262A4052F100ACA345 = {
			isa = PBXGroup;
			children = (
				A18CDC312A4052F100ACA345 /* easy */,
				A18CDC432A4052F200ACA345 /* easyTests */,
				A18CDC4D2A4052F200ACA345 /* easyUITests */,
				A18CDC302A4052F100ACA345 /* Products */,
			);
			sourceTree = "<group>";
		};
		A18CDC302A4052F100ACA345 /* Products */ = {
			isa = PBXGroup;
			children = (
				A18CDC2F2A4052F100ACA345 /* easy.app */,
				A18CDC402A4052F200ACA345 /* easyTests.xctest */,
				A18CDC4A2A4052F200ACA345 /* easyUITests.xctest */,
			);
			name = Products;
			sourceTree = "<group>";
		};
		A18CDC312A4052F100ACA345 /* easy */ = {
			isa = PBXGroup;
			children = (
				A18CDC322A4052F100ACA345 /* easyApp.swift */,
				A18CDC342A4052F100ACA345 /* ContentView.swift */,
				A18CDC362A4052F200ACA345 /* Assets.xcassets */,
				A18CDC382A4052F200ACA345 /* easy.entitlements */,
				A18CDC392A4052F200ACA345 /* Preview Content */,
			);
			path = easy;
			sourceTree = "<group>";
		};
		A18CDC392A4052F200ACA345 /* Preview Content */ = {
			isa = PBXGroup;
			children = (
				A18CDC3A2A4052F200ACA345 /* Preview Assets.xcassets */,
			);
			path = "Preview Content";
			sourceTree = "<group>";
		};
		A18CDC432A4052F200ACA345 /* easyTests */ = {
			isa = PBXGroup;
			children = (
				A18CDC442A4052F200ACA345 /* easyTests.swift */,
			);
			path = easyTests;
			sourceTree = "<group>";
		};
		A18CDC4D2A4052F200ACA345 /* easyUITests */ = {
			isa = PBXGroup;
			children = (
				A18CDC4E2A4052F200ACA345 /* easyUITests.swift */,
				A18CDC502A4052F200ACA345 /* easyUITestsLaunchTests.swift */,
			);
			path = easyUITests;
			sourceTree = "<group>";
		};
/* End PBXGroup section */

/* Begin PBXNativeTarget section */
		A18CDC2E2A4052F100ACA345 /* easy */ = {
			isa = PBXNativeTarget;
			buildConfigurationList = A18CDC542A4052F200ACA345 /* Build configuration list for PBXNativeTarget "easy" */;
			buildPhases = (
				A18CDC2B2A4052F100ACA345 /* Sources */,
				A18CDC2C2A4052F100ACA345 /* Frameworks */,
				A18CDC2D2A4052F100ACA345 /* Resources */,
			);
			buildRules = (
			);
			dependencies = (
			);
			name = easy;
			productName = easy;
			productReference = A18CDC2F2A4052F100ACA345 /* easy.app */;
			productType = "com.apple.product-type.application";
		};
		A18CDC3F2A4052F200ACA345 /* easyTests */ = {
			isa = PBXNativeTarget;
			buildConfigurationList = A18CDC572A4052F200ACA345 /* Build configuration list for PBXNativeTarget "easyTests" */;
			buildPhases = (
				A18CDC3C2A4052F200ACA345 /* Sources */,
				A18CDC3D2A4052F200ACA345 /* Frameworks */,
				A18CDC3E2A4052F200ACA345 /* Resources */,
			);
			buildRules = (
			);
			dependencies = (
				A18CDC422A4052F200ACA345 /* PBXTargetDependency */,
			);
			name = easyTests;
			productName = easyTests;
			productReference = A18CDC402A4052F200ACA345 /* easyTests.xctest */;
			productType = "com.apple.product-type.bundle.unit-test";
		};
		A18CDC492A4052F200ACA345 /* easyUITests */ = {
			isa = PBXNativeTarget;
			buildConfigurationList = A18CDC5A2A4052F200ACA345 /* Build configuration list for PBXNativeTarget "easyUITests" */;
			buildPhases = (
				A18CDC462A4052F200ACA345 /* Sources */,
				A18CDC472A4052F200ACA345 /* Frameworks */,
				A18CDC482A4052F200ACA345 /* Resources */,
			);
			buildRules = (
			);
			dependencies = (
				A18CDC4C2A4052F200ACA345 /* PBXTargetDependency */,
			);
			name = easyUITests;
			productName = easyUITests;
			productReference = A18CDC4A2A4052F200ACA345 /* easyUITests.xctest */;
			productType = "com.apple.product-type.bundle.ui-testing";
		};
/* End PBXNativeTarget section */

/* Begin PBXProject section */
		A18CDC272A4052F100ACA345 /* Project object */ = {
			isa = PBXProject;
			attributes = {
				BuildIndependentTargetsInParallel = 1;
				LastSwiftUpdateCheck = 1430;
				LastUpgradeCheck = 1430;
				TargetAttributes = {
					A18CDC2E2A4052F100ACA345 = {
						CreatedOnToolsVersion = 14.3;
					};
					A18CDC3F2A4052F200ACA345 = {
						CreatedOnToolsVersion = 14.3;
						TestTargetID = A18CDC2E2A4052F100ACA345;
					};
					A18CDC492A4052F200ACA345 = {
						CreatedOnToolsVersion = 14.3;
						TestTargetID = A18CDC2E2A4052F100ACA345;
					};
				};
			};
			buildConfigurationList = A18CDC2A2A4052F100ACA345 /* Build configuration list for PBXProject "easy" */;
			compatibilityVersion = "Xcode 14.0";
			developmentRegion = en;
			hasScannedForEncodings = 0;
			knownRegions = (
				en,
				Base,
			);
			mainGroup = A18CDC262A4052F100ACA345;
			productRefGroup = A18CDC302A4052F100ACA345 /* Products */;
			projectDirPath = "";
			projectRoot = "";
			targets = (
				A18CDC2E2A4052F100ACA345 /* easy */,
				A18CDC3F2A4052F200ACA345 /* easyTests */,
				A18CDC492A4052F200ACA345 /* easyUITests */,
			);
		};
/* End PBXProject section */

/* Begin PBXResourcesBuildPhase section */
		A18CDC2D2A4052F100ACA345 /* Resources */ = {
			isa = PBXResourcesBuildPhase;
			buildActionMask = 2147483647;
			files = (
				A18CDC3B2A4052F200ACA345 /* Preview Assets.xcassets in Resources */,
				A18CDC372A4052F200ACA345 /* Assets.xcassets in Resources */,
			);
			runOnlyForDeploymentPostprocessing = 0;
		};
		A18CDC3E2A4052F200ACA345 /* Resources */ = {
			isa = PBXResourcesBuildPhase;
			buildActionMask = 2147483647;
			files = (
			);
			runOnlyForDeploymentPostprocessing = 0;
		};
		A18CDC482A4052F200ACA345 /* Resources */ = {
			isa = PBXResourcesBuildPhase;
			buildActionMask = 2147483647;
			files = (
			);
			runOnlyForDeploymentPostprocessing = 0;
		};
/* End PBXResourcesBuildPhase section */

/* Begin PBXSourcesBuildPhase section */
		A18CDC2B2A4052F100ACA345 /* Sources */ = {
			isa = PBXSourcesBuildPhase;
			buildActionMask = 2147483647;
			files = (
				A18CDC352A4052F100ACA345 /* ContentView.swift in Sources */,
				A18CDC332A4052F100ACA345 /* easyApp.swift in Sources */,
			);
			runOnlyForDeploymentPostprocessing = 0;
		};
		A18CDC3C2A4052F200ACA345 /* Sources */ = {
			isa = PBXSourcesBuildPhase;
			buildActionMask = 2147483647;
			files = (
				A18CDC452A4052F200ACA345 /* easyTests.swift in Sources */,
			);
			runOnlyForDeploymentPostprocessing = 0;
		};
		A18CDC462A4052F200ACA345 /* Sources */ = {
			isa = PBXSourcesBuildPhase;
			buildActionMask = 2147483647;
			files = (
				A18CDC512A4052F200ACA345 /* easyUITestsLaunchTests.swift in Sources */,
				A18CDC4F2A4052F200ACA345 /* easyUITests.swift in Sources */,
			);
			runOnlyForDeploymentPostprocessing = 0;
		};
/* End PBXSourcesBuildPhase section */

/* Begin PBXTargetDependency section */
		A18CDC422A4052F200ACA345 /* PBXTargetDependency */ = {
			isa = PBXTargetDependency;
			target = A18CDC2E2A4052F100ACA345 /* easy */;
			targetProxy = A18CDC412A4052F200ACA345 /* PBXContainerItemProxy */;
		};
		A18CDC4C2A4052F200ACA345 /* PBXTargetDependency */ = {
			isa = PBXTargetDependency;
			target = A18CDC2E2A4052F100ACA345 /* easy */;
			targetProxy = A18CDC4B2A4052F200ACA345 /* PBXContainerItemProxy */;
		};
/* End PBXTargetDependency section */

/* Begin XCBuildConfiguration section */
		A18CDC522A4052F200ACA345 /* Debug */ = {
			isa = XCBuildConfiguration;
			buildSettings = {
				ALWAYS_SEARCH_USER_PATHS = NO;
				CLANG_ANALYZER_NONNULL = YES;
				CLANG_ANALYZER_NUMBER_OBJECT_CONVERSION = YES_AGGRESSIVE;
				CLANG_CXX_LANGUAGE_STANDARD = "gnu++20";
				CLANG_ENABLE_MODULES = YES;
				CLANG_ENABLE_OBJC_ARC = YES;
				CLANG_ENABLE_OBJC_WEAK = YES;
				CLANG_WARN_BLOCK_CAPTURE_AUTORELEASING = YES;
				CLANG_WARN_BOOL_CONVERSION = YES;
				CLANG_WARN_COMMA = YES;
				CLANG_WARN_CONSTANT_CONVERSION = YES;
				CLANG_WARN_DEPRECATED_OBJC_IMPLEMENTATIONS = YES;
				CLANG_WARN_DIRECT_OBJC_ISA_USAGE = YES_ERROR;
				CLANG_WARN_DOCUMENTATION_COMMENTS = YES;
				CLANG_WARN_EMPTY_BODY = YES;
				CLANG_WARN_ENUM_CONVERSION = YES;
				CLANG_WARN_INFINITE_RECURSION = YES;
				CLANG_WARN_INT_CONVERSION = YES;
				CLANG_WARN_NON_LITERAL_NULL_CONVERSION = YES;
				CLANG_WARN_OBJC_IMPLICIT_RETAIN_SELF = YES;
				CLANG_WARN_OBJC_LITERAL_CONVERSION = YES;
				CLANG_WARN_OBJC_ROOT_CLASS = YES_ERROR;
				CLANG_WARN_QUOTED_INCLUDE_IN_FRAMEWORK_HEADER = YES;
				CLANG_WARN_RANGE_LOOP_ANALYSIS = YES;
				CLANG_WARN_STRICT_PROTOTYPES = YES;
				CLANG_WARN_SUSPICIOUS_MOVE = YES;
				CLANG_WARN_UNGUARDED_AVAILABILITY = YES_AGGRESSIVE;
				CLANG_WARN_UNREACHABLE_CODE = YES;
				CLANG_WARN__DUPLICATE_METHOD_MATCH = YES;
				COPY_PHASE_STRIP = NO;
				DEBUG_INFORMATION_FORMAT = dwarf;
				ENABLE_STRICT_OBJC_MSGSEND = YES;
				ENABLE_TESTABILITY = YES;
				GCC_C_LANGUAGE_STANDARD = gnu11;
				GCC_DYNAMIC_NO_PIC = NO;
				GCC_NO_COMMON_BLOCKS = YES;
				GCC_OPTIMIZATION_LEVEL = 0;
				GCC_PREPROCESSOR_DEFINITIONS = (
					"DEBUG=1",
					"$(inherited)",
				);
				GCC_WARN_64_TO_32_BIT_CONVERSION = YES;
				GCC_WARN_ABOUT_RETURN_TYPE = YES_ERROR;
				GCC_WARN_UNDECLARED_SELECTOR = YES;
				GCC_WARN_UNINITIALIZED_AUTOS = YES_AGGRESSIVE;
				GCC_WARN_UNUSED_FUNCTION = YES;
				GCC_WARN_UNUSED_VARIABLE = YES;
				MTL_ENABLE_DEBUG_INFO = INCLUDE_SOURCE;
				MTL_FAST_MATH = YES;
				ONLY_ACTIVE_ARCH = YES;
				SWIFT_ACTIVE_COMPILATION_CONDITIONS = DEBUG;
				SWIFT_OPTIMIZATION_LEVEL = "-Onone";
			};
			name = Debug;
		};
		A18CDC532A4052F200ACA345 /* Release */ = {
			isa = XCBuildConfiguration;
			buildSettings = {
				ALWAYS_SEARCH_USER_PATHS = NO;
				CLANG_ANALYZER_NONNULL = YES;
				CLANG_ANALYZER_NUMBER_OBJECT_CONVERSION = YES_AGGRESSIVE;
				CLANG_CXX_LANGUAGE_STANDARD = "gnu++20";
				CLANG_ENABLE_MODULES = YES;
				CLANG_ENABLE_OBJC_ARC = YES;
				CLANG_ENABLE_OBJC_WEAK = YES;
				CLANG_WARN_BLOCK_CAPTURE_AUTORELEASING = YES;
				CLANG_WARN_BOOL_CONVERSION = YES;
				CLANG_WARN_COMMA = YES;
				CLANG_WARN_CONSTANT_CONVERSION = YES;
				CLANG_WARN_DEPRECATED_OBJC_IMPLEMENTATIONS = YES;
				CLANG_WARN_DIRECT_OBJC_ISA_USAGE = YES_ERROR;
				CLANG_WARN_DOCUMENTATION_COMMENTS = YES;
				CLANG_WARN_EMPTY_BODY = YES;
				CLANG_WARN_ENUM_CONVERSION = YES;
				CLANG_WARN_INFINITE_RECURSION = YES;
				CLANG_WARN_INT_CONVERSION = YES;
				CLANG_WARN_NON_LITERAL_NULL_CONVERSION = YES;
				CLANG_WARN_OBJC_IMPLICIT_RETAIN_SELF = YES;
				CLANG_WARN_OBJC_LITERAL_CONVERSION = YES;
				CLANG_WARN_OBJC_ROOT_CLASS = YES_ERROR;
				CLANG_WARN_QUOTED_INCLUDE_IN_FRAMEWORK_HEADER = YES;
				CLANG_WARN_RANGE_LOOP_ANALYSIS = YES;
				CLANG_WARN_STRICT_PROTOTYPES = YES;
				CLANG_WARN_SUSPICIOUS_MOVE = YES;
				CLANG_WARN_UNGUARDED_AVAILABILITY = YES_AGGRESSIVE;
				CLANG_WARN_UNREACHABLE_CODE = YES;
				CLANG_WARN__DUPLICATE_METHOD_MATCH = YES;
				COPY_PHASE_STRIP = NO;
				DEBUG_INFORMATION_FORMAT = "dwarf-with-dsym";
				ENABLE_NS_ASSERTIONS = NO;
				ENABLE_STRICT_OBJC_MSGSEND = YES;
				GCC_C_LANGUAGE_STANDARD = gnu11;
				GCC_NO_COMMON_BLOCKS = YES;
				GCC_WARN_64_TO_32_BIT_CONVERSION = YES;
				GCC_WARN_ABOUT_RETURN_TYPE = YES_ERROR;
				GCC_WARN_UNDECLARED_SELECTOR = YES;
				GCC_WARN_UNINITIALIZED_AUTOS = YES_AGGRESSIVE;
				GCC_WARN_UNUSED_FUNCTION = YES;
				GCC_WARN_UNUSED_VARIABLE = YES;
				MTL_ENABLE_DEBUG_INFO = NO;
				MTL_FAST_MATH = YES;
				SWIFT_COMPILATION_MODE = wholemodule;
				SWIFT_OPTIMIZATION_LEVEL = "-O";
			};
			name = Release;
		};
		A18CDC552A4052F200ACA345 /* Debug */ = {
			isa = XCBuildConfiguration;
			buildSettings = {
				ASSETCATALOG_COMPILER_APPICON_NAME = AppIcon;
				ASSETCATALOG_COMPILER_GLOBAL_ACCENT_COLOR_NAME = AccentColor;
				CODE_SIGN_ENTITLEMENTS = easy/easy.entitlements;
				CODE_SIGN_STYLE = Automatic;
				CURRENT_PROJECT_VERSION = 1;
				DEVELOPMENT_ASSET_PATHS = "\"easy/Preview Content\"";
				ENABLE_PREVIEWS = YES;
				GENERATE_INFOPLIST_FILE = YES;
				"INFOPLIST_KEY_UIApplicationSceneManifest_Generation[sdk=iphoneos*]" = YES;
				"INFOPLIST_KEY_UIApplicationSceneManifest_Generation[sdk=iphonesimulator*]" = YES;
				"INFOPLIST_KEY_UIApplicationSupportsIndirectInputEvents[sdk=iphoneos*]" = YES;
				"INFOPLIST_KEY_UIApplicationSupportsIndirectInputEvents[sdk=iphonesimulator*]" = YES;
				"INFOPLIST_KEY_UILaunchScreen_Generation[sdk=iphoneos*]" = YES;
				"INFOPLIST_KEY_UILaunchScreen_Generation[sdk=iphonesimulator*]" = YES;
				"INFOPLIST_KEY_UIStatusBarStyle[sdk=iphoneos*]" = UIStatusBarStyleDefault;
				"INFOPLIST_KEY_UIStatusBarStyle[sdk=iphonesimulator*]" = UIStatusBarStyleDefault;
				INFOPLIST_KEY_UISupportedInterfaceOrientations_iPad = "UIInterfaceOrientationPortrait UIInterfaceOrientationPortraitUpsideDown UIInterfaceOrientationLandscapeLeft UIInterfaceOrientationLandscapeRight";
				INFOPLIST_KEY_UISupportedInterfaceOrientations_iPhone = "UIInterfaceOrientationPortrait UIInterfaceOrientationLandscapeLeft UIInterfaceOrientationLandscapeRight";
				IPHONEOS_DEPLOYMENT_TARGET = 16.4;
				LD_RUNPATH_SEARCH_PATHS = "@executable_path/Frameworks";
				"LD_RUNPATH_SEARCH_PATHS[sdk=macosx*]" = "@executable_path/../Frameworks";
				MACOSX_DEPLOYMENT_TARGET = 13.3;
				MARKETING_VERSION = 1.0;
				PRODUCT_BUNDLE_IDENTIFIER = com.taspen.easy;
				PRODUCT_NAME = "$(TARGET_NAME)";
				SDKROOT = auto;
				SUPPORTED_PLATFORMS = "iphoneos iphonesimulator macosx";
				SWIFT_EMIT_LOC_STRINGS = YES;
				SWIFT_VERSION = 5.0;
				TARGETED_DEVICE_FAMILY = "1,2";
			};
			name = Debug;
		};
		A18CDC562A4052F200ACA345 /* Release */ = {
			isa = XCBuildConfiguration;
			buildSettings = {
				ASSETCATALOG_COMPILER_APPICON_NAME = AppIcon;
				ASSETCATALOG_COMPILER_GLOBAL_ACCENT_COLOR_NAME = AccentColor;
				CODE_SIGN_ENTITLEMENTS = easy/easy.entitlements;
				CODE_SIGN_STYLE = Automatic;
				CURRENT_PROJECT_VERSION = 1;
				DEVELOPMENT_ASSET_PATHS = "\"easy/Preview Content\"";
				ENABLE_PREVIEWS = YES;
				GENERATE_INFOPLIST_FILE = YES;
				"INFOPLIST_KEY_UIApplicationSceneManifest_Generation[sdk=iphoneos*]" = YES;
				"INFOPLIST_KEY_UIApplicationSceneManifest_Generation[sdk=iphonesimulator*]" = YES;
				"INFOPLIST_KEY_UIApplicationSupportsIndirectInputEvents[sdk=iphoneos*]" = YES;
				"INFOPLIST_KEY_UIApplicationSupportsIndirectInputEvents[sdk=iphonesimulator*]" = YES;
				"INFOPLIST_KEY_UILaunchScreen_Generation[sdk=iphoneos*]" = YES;
				"INFOPLIST_KEY_UILaunchScreen_Generation[sdk=iphonesimulator*]" = YES;
				"INFOPLIST_KEY_UIStatusBarStyle[sdk=iphoneos*]" = UIStatusBarStyleDefault;
				"INFOPLIST_KEY_UIStatusBarStyle[sdk=iphonesimulator*]" = UIStatusBarStyleDefault;
				INFOPLIST_KEY_UISupportedInterfaceOrientations_iPad = "UIInterfaceOrientationPortrait UIInterfaceOrientationPortraitUpsideDown UIInterfaceOrientationLandscapeLeft UIInterfaceOrientationLandscapeRight";
				INFOPLIST_KEY_UISupportedInterfaceOrientations_iPhone = "UIInterfaceOrientationPortrait UIInterfaceOrientationLandscapeLeft UIInterfaceOrientationLandscapeRight";
				IPHONEOS_DEPLOYMENT_TARGET = 16.4;
				LD_RUNPATH_SEARCH_PATHS = "@executable_path/Frameworks";
				"LD_RUNPATH_SEARCH_PATHS[sdk=macosx*]" = "@executable_path/../Frameworks";
				MACOSX_DEPLOYMENT_TARGET = 13.3;
				MARKETING_VERSION = 1.0;
				PRODUCT_BUNDLE_IDENTIFIER = com.taspen.easy;
				PRODUCT_NAME = "$(TARGET_NAME)";
				SDKROOT = auto;
				SUPPORTED_PLATFORMS = "iphoneos iphonesimulator macosx";
				SWIFT_EMIT_LOC_STRINGS = YES;
				SWIFT_VERSION = 5.0;
				TARGETED_DEVICE_FAMILY = "1,2";
			};
			name = Release;
		};
		A18CDC582A4052F200ACA345 /* Debug */ = {
			isa = XCBuildConfiguration;
			buildSettings = {
				ALWAYS_EMBED_SWIFT_STANDARD_LIBRARIES = YES;
				BUNDLE_LOADER = "$(TEST_HOST)";
				CODE_SIGN_STYLE = Automatic;
				CURRENT_PROJECT_VERSION = 1;
				GENERATE_INFOPLIST_FILE = YES;
				IPHONEOS_DEPLOYMENT_TARGET = 16.4;
				MACOSX_DEPLOYMENT_TARGET = 13.3;
				MARKETING_VERSION = 1.0;
				PRODUCT_BUNDLE_IDENTIFIER = com.taspen.easyTests;
				PRODUCT_NAME = "$(TARGET_NAME)";
				SDKROOT = auto;
				SUPPORTED_PLATFORMS = "iphoneos iphonesimulator macosx";
				SWIFT_EMIT_LOC_STRINGS = NO;
				SWIFT_VERSION = 5.0;
				TARGETED_DEVICE_FAMILY = "1,2";
				TEST_HOST = "$(BUILT_PRODUCTS_DIR)/easy.app/$(BUNDLE_EXECUTABLE_FOLDER_PATH)/easy";
			};
			name = Debug;
		};
		A18CDC592A4052F200ACA345 /* Release */ = {
			isa = XCBuildConfiguration;
			buildSettings = {
				ALWAYS_EMBED_SWIFT_STANDARD_LIBRARIES = YES;
				BUNDLE_LOADER = "$(TEST_HOST)";
				CODE_SIGN_STYLE = Automatic;
				CURRENT_PROJECT_VERSION = 1;
				GENERATE_INFOPLIST_FILE = YES;
				IPHONEOS_DEPLOYMENT_TARGET = 16.4;
				MACOSX_DEPLOYMENT_TARGET = 13.3;
				MARKETING_VERSION = 1.0;
				PRODUCT_BUNDLE_IDENTIFIER = com.taspen.easyTests;
				PRODUCT_NAME = "$(TARGET_NAME)";
				SDKROOT = auto;
				SUPPORTED_PLATFORMS = "iphoneos iphonesimulator macosx";
				SWIFT_EMIT_LOC_STRINGS = NO;
				SWIFT_VERSION = 5.0;
				TARGETED_DEVICE_FAMILY = "1,2";
				TEST_HOST = "$(BUILT_PRODUCTS_DIR)/easy.app/$(BUNDLE_EXECUTABLE_FOLDER_PATH)/easy";
			};
			name = Release;
		};
		A18CDC5B2A4052F200ACA345 /* Debug */ = {
			isa = XCBuildConfiguration;
			buildSettings = {
				ALWAYS_EMBED_SWIFT_STANDARD_LIBRARIES = YES;
				CODE_SIGN_STYLE = Automatic;
				CURRENT_PROJECT_VERSION = 1;
				GENERATE_INFOPLIST_FILE = YES;
				IPHONEOS_DEPLOYMENT_TARGET = 16.4;
				MACOSX_DEPLOYMENT_TARGET = 13.3;
				MARKETING_VERSION = 1.0;
				PRODUCT_BUNDLE_IDENTIFIER = com.taspen.easyUITests;
				PRODUCT_NAME = "$(TARGET_NAME)";
				SDKROOT = auto;
				SUPPORTED_PLATFORMS = "iphoneos iphonesimulator macosx";
				SWIFT_EMIT_LOC_STRINGS = NO;
				SWIFT_VERSION = 5.0;
				TARGETED_DEVICE_FAMILY = "1,2";
				TEST_TARGET_NAME = easy;
			};
			name = Debug;
		};
		A18CDC5C2A4052F200ACA345 /* Release */ = {
			isa = XCBuildConfiguration;
			buildSettings = {
				ALWAYS_EMBED_SWIFT_STANDARD_LIBRARIES = YES;
				CODE_SIGN_STYLE = Automatic;
				CURRENT_PROJECT_VERSION = 1;
				GENERATE_INFOPLIST_FILE = YES;
				IPHONEOS_DEPLOYMENT_TARGET = 16.4;
				MACOSX_DEPLOYMENT_TARGET = 13.3;
				MARKETING_VERSION = 1.0;
				PRODUCT_BUNDLE_IDENTIFIER = com.taspen.easyUITests;
				PRODUCT_NAME = "$(TARGET_NAME)";
				SDKROOT = auto;
				SUPPORTED_PLATFORMS = "iphoneos iphonesimulator macosx";
				SWIFT_EMIT_LOC_STRINGS = NO;
				SWIFT_VERSION = 5.0;
				TARGETED_DEVICE_FAMILY = "1,2";
				TEST_TARGET_NAME = easy;
			};
			name = Release;
		};
/* End XCBuildConfiguration section */

/* Begin XCConfigurationList section */
		A18CDC2A2A4052F100ACA345 /* Build configuration list for PBXProject "easy" */ = {
			isa = XCConfigurationList;
			buildConfigurations = (
				A18CDC522A4052F200ACA345 /* Debug */,
				A18CDC532A4052F200ACA345 /* Release */,
			);
			defaultConfigurationIsVisible = 0;
			defaultConfigurationName = Release;
		};
		A18CDC542A4052F200ACA345 /* Build configuration list for PBXNativeTarget "easy" */ = {
			isa = XCConfigurationList;
			buildConfigurations = (
				A18CDC552A4052F200ACA345 /* Debug */,
				A18CDC562A4052F200ACA345 /* Release */,
			);
			defaultConfigurationIsVisible = 0;
			defaultConfigurationName = Release;
		};
		A18CDC572A4052F200ACA345 /* Build configuration list for PBXNativeTarget "easyTests" */ = {
			isa = XCConfigurationList;
			buildConfigurations = (
				A18CDC582A4052F200ACA345 /* Debug */,
				A18CDC592A4052F200ACA345 /* Release */,
			);
			defaultConfigurationIsVisible = 0;
			defaultConfigurationName = Release;
		};
		A18CDC5A2A4052F200ACA345 /* Build configuration list for PBXNativeTarget "easyUITests" */ = {
			isa = XCConfigurationList;
			buildConfigurations = (
				A18CDC5B2A4052F200ACA345 /* Debug */,
				A18CDC5C2A4052F200ACA345 /* Release */,
			);
			defaultConfigurationIsVisible = 0;
			defaultConfigurationName = Release;
		};
/* End XCConfigurationList section */
	};
	rootObject = A18CDC272A4052F100ACA345 /* Project object */;
}
